
Microsoft Visual Studio Solution File, Format Version 12.00
# Visual Studio Version 17
VisualStudioVersion = 17.4.33213.308
MinimumVisualStudioVersion = 10.0.40219.1
Project("{FAE04EC0-301F-11D3-BF4B-00C04F79EFBC}") = "TInvestHistoryViewer", "TInvestHistoryViewer\TInvestHistoryViewer.csproj", "{07DACF26-B547-4B4D-987F-00A9A915553E}"
EndProject
Global
	GlobalSection(SolutionConfigurationPlatforms) = preSolution
		Debug|Any CPU = Debug|Any CPU
		Release|Any CPU = Release|Any CPU
	EndGlobalSection
	GlobalSection(ProjectConfigurationPlatforms) = postSolution
		{07DACF26-B547-4B4D-987F-00A9A915553E}.Debug|Any CPU.ActiveCfg = Debug|Any CPU
		{07DACF26-B547-4B4D-987F-00A9A915553E}.Debug|Any CPU.Build.0 = Debug|Any CPU
		{07DACF26-B547-4B4D-987F-00A9A915553E}.Release|Any CPU.ActiveCfg = Release|Any CPU
		{07DACF26-B547-4B4D-987F-00A9A915553E}.Release|Any CPU.Build.0 = Release|Any CPU
	EndGlobalSection
	GlobalSection(SolutionProperties) = preSolution
		HideSolutionNode = FALSE
	EndGlobalSection
	GlobalSection(ExtensibilityGlobals) = postSolution
		SolutionGuid = {B7B32613-F200-4890-8F97-083CCF22AD49}
	EndGlobalSection
EndGlobal
